
Microsoft Visual Studio Solution File, Format Version 12.00
# Visual Studio Version 17
VisualStudioVersion = 17.3.32922.545
MinimumVisualStudioVersion = 10.0.40219.1
Project("{9A19103F-16F7-4668-BE54-9A1E7A4F7556}") = "P060_DB_MUSIC_SHOP_EXAM", "P060_DB_MUSIC_SHOP_EXAM\P060_DB_MUSIC_SHOP_EXAM.csproj", "{505C07C2-C9C2-4F28-AD40-513AAC07855B}"
EndProject
Project("{9A19103F-16F7-4668-BE54-9A1E7A4F7556}") = "DB_MUSIC_SHOP.Domain", "DB_MUSIC_SHOP.Domain\DB_MUSIC_SHOP.Domain.csproj", "{733CA2BF-202E-430D-B0BA-B2993A5629E0}"
EndProject
Project("{9A19103F-16F7-4668-BE54-9A1E7A4F7556}") = "DB_MUSIC_SHOP.Infrastrukture", "DB_MUSIC_SHOP.Infrastrukture\DB_MUSIC_SHOP.Infrastrukture.csproj", "{28E52751-962C-4C65-A586-B8A2E6FB85AD}"
EndProject
Project("{2150E333-8FDC-42A3-9474-1A3956D46DE8}") = "P060_DB_MUSIC_SHOP_EXAM_TESTS", "P060_DB_MUSIC_SHOP_EXAM_TESTS", "{0FEB86D1-B18C-4E35-A75C-03E9ADD68F97}"
EndProject
Project("{FAE04EC0-301F-11D3-BF4B-00C04F79EFBC}") = "DB_MUSIC_SHOP_TESTS", "DB_MUSIC_SHOP_TESTS\DB_MUSIC_SHOP_TESTS.csproj", "{735C7E8A-ABFE-43BF-8B73-73C725989FD9}"
EndProject
Global
	GlobalSection(SolutionConfigurationPlatforms) = preSolution
		Debug|Any CPU = Debug|Any CPU
		Release|Any CPU = Release|Any CPU
	EndGlobalSection
	GlobalSection(ProjectConfigurationPlatforms) = postSolution
		{505C07C2-C9C2-4F28-AD40-513AAC07855B}.Debug|Any CPU.ActiveCfg = Debug|Any CPU
		{505C07C2-C9C2-4F28-AD40-513AAC07855B}.Debug|Any CPU.Build.0 = Debug|Any CPU
		{505C07C2-C9C2-4F28-AD40-513AAC07855B}.Release|Any CPU.ActiveCfg = Release|Any CPU
		{505C07C2-C9C2-4F28-AD40-513AAC07855B}.Release|Any CPU.Build.0 = Release|Any CPU
		{733CA2BF-202E-430D-B0BA-B2993A5629E0}.Debug|Any CPU.ActiveCfg = Debug|Any CPU
		{733CA2BF-202E-430D-B0BA-B2993A5629E0}.Debug|Any CPU.Build.0 = Debug|Any CPU
		{733CA2BF-202E-430D-B0BA-B2993A5629E0}.Release|Any CPU.ActiveCfg = Release|Any CPU
		{733CA2BF-202E-430D-B0BA-B2993A5629E0}.Release|Any CPU.Build.0 = Release|Any CPU
		{28E52751-962C-4C65-A586-B8A2E6FB85AD}.Debug|Any CPU.ActiveCfg = Debug|Any CPU
		{28E52751-962C-4C65-A586-B8A2E6FB85AD}.Debug|Any CPU.Build.0 = Debug|Any CPU
		{28E52751-962C-4C65-A586-B8A2E6FB85AD}.Release|Any CPU.ActiveCfg = Release|Any CPU
		{28E52751-962C-4C65-A586-B8A2E6FB85AD}.Release|Any CPU.Build.0 = Release|Any CPU
		{735C7E8A-ABFE-43BF-8B73-73C725989FD9}.Debug|Any CPU.ActiveCfg = Debug|Any CPU
		{735C7E8A-ABFE-43BF-8B73-73C725989FD9}.Debug|Any CPU.Build.0 = Debug|Any CPU
		{735C7E8A-ABFE-43BF-8B73-73C725989FD9}.Release|Any CPU.ActiveCfg = Release|Any CPU
		{735C7E8A-ABFE-43BF-8B73-73C725989FD9}.Release|Any CPU.Build.0 = Release|Any CPU
	EndGlobalSection
	GlobalSection(SolutionProperties) = preSolution
		HideSolutionNode = FALSE
	EndGlobalSection
	GlobalSection(NestedProjects) = preSolution
		{735C7E8A-ABFE-43BF-8B73-73C725989FD9} = {0FEB86D1-B18C-4E35-A75C-03E9ADD68F97}
	EndGlobalSection
	GlobalSection(ExtensibilityGlobals) = postSolution
		SolutionGuid = {67E86518-6627-4BCC-9790-C3068C047991}
	EndGlobalSection
EndGlobal
