
Microsoft Visual Studio Solution File, Format Version 12.00
# Visual Studio Version 17
VisualStudioVersion = 17.3.32901.215
MinimumVisualStudioVersion = 10.0.40219.1
Project("{9A19103F-16F7-4668-BE54-9A1E7A4F7556}") = "P053_QueryingSqliteDb", "P053_QueryingSqliteDb\P053_QueryingSqliteDb.csproj", "{3CB2C432-AFA7-4A3E-816F-23EE30736726}"
EndProject
Project("{FAE04EC0-301F-11D3-BF4B-00C04F79EFBC}") = "P053_QueryingSqliteDb.Domain", "P053_QueryingSqliteDb.Domain\P053_QueryingSqliteDb.Domain.csproj", "{47387591-8666-4820-B387-923897A65F66}"
EndProject
Project("{FAE04EC0-301F-11D3-BF4B-00C04F79EFBC}") = "P053_QueryingSqliteDb.Infastrukture", "P053_QueryingSqliteDb.Infastrukture\P053_QueryingSqliteDb.Infastrukture.csproj", "{97B81B97-0C02-46CC-B45E-434F61EAFC96}"
EndProject
Global
	GlobalSection(SolutionConfigurationPlatforms) = preSolution
		Debug|Any CPU = Debug|Any CPU
		Release|Any CPU = Release|Any CPU
	EndGlobalSection
	GlobalSection(ProjectConfigurationPlatforms) = postSolution
		{3CB2C432-AFA7-4A3E-816F-23EE30736726}.Debug|Any CPU.ActiveCfg = Debug|Any CPU
		{3CB2C432-AFA7-4A3E-816F-23EE30736726}.Debug|Any CPU.Build.0 = Debug|Any CPU
		{3CB2C432-AFA7-4A3E-816F-23EE30736726}.Release|Any CPU.ActiveCfg = Release|Any CPU
		{3CB2C432-AFA7-4A3E-816F-23EE30736726}.Release|Any CPU.Build.0 = Release|Any CPU
		{47387591-8666-4820-B387-923897A65F66}.Debug|Any CPU.ActiveCfg = Debug|Any CPU
		{47387591-8666-4820-B387-923897A65F66}.Debug|Any CPU.Build.0 = Debug|Any CPU
		{47387591-8666-4820-B387-923897A65F66}.Release|Any CPU.ActiveCfg = Release|Any CPU
		{47387591-8666-4820-B387-923897A65F66}.Release|Any CPU.Build.0 = Release|Any CPU
		{97B81B97-0C02-46CC-B45E-434F61EAFC96}.Debug|Any CPU.ActiveCfg = Debug|Any CPU
		{97B81B97-0C02-46CC-B45E-434F61EAFC96}.Debug|Any CPU.Build.0 = Debug|Any CPU
		{97B81B97-0C02-46CC-B45E-434F61EAFC96}.Release|Any CPU.ActiveCfg = Release|Any CPU
		{97B81B97-0C02-46CC-B45E-434F61EAFC96}.Release|Any CPU.Build.0 = Release|Any CPU
	EndGlobalSection
	GlobalSection(SolutionProperties) = preSolution
		HideSolutionNode = FALSE
	EndGlobalSection
	GlobalSection(ExtensibilityGlobals) = postSolution
		SolutionGuid = {5E353849-AA93-448C-8C8F-49634DA8023F}
	EndGlobalSection
EndGlobal
