
Microsoft Visual Studio Solution File, Format Version 12.00
# Visual Studio Version 17
VisualStudioVersion = 17.3.32901.215
MinimumVisualStudioVersion = 10.0.40219.1
Project("{FAE04EC0-301F-11D3-BF4B-00C04F79EFBC}") = "P052_CodeFirstSqliteDb", "P052_CodeFirstSqliteDb\P052_CodeFirstSqliteDb.csproj", "{0CE261E0-9507-44DE-A3E0-6B5CEA5AF187}"
EndProject
Project("{FAE04EC0-301F-11D3-BF4B-00C04F79EFBC}") = "P052_CodeFirstSqliteDb.Domain", "P052_CodeFirstSqliteDb.Domain\P052_CodeFirstSqliteDb.Domain.csproj", "{211B24EE-AA92-4C0D-8B76-0750570B46B1}"
EndProject
Project("{FAE04EC0-301F-11D3-BF4B-00C04F79EFBC}") = "P052_CodeFirstSqliteDb.Infrastrukture", "P052_CodeFirstSqliteDb.Infrastrukture\P052_CodeFirstSqliteDb.Infrastrukture.csproj", "{601FB506-EBE5-44DE-854D-62A448B735D5}"
EndProject
Global
	GlobalSection(SolutionConfigurationPlatforms) = preSolution
		Debug|Any CPU = Debug|Any CPU
		Release|Any CPU = Release|Any CPU
	EndGlobalSection
	GlobalSection(ProjectConfigurationPlatforms) = postSolution
		{0CE261E0-9507-44DE-A3E0-6B5CEA5AF187}.Debug|Any CPU.ActiveCfg = Debug|Any CPU
		{0CE261E0-9507-44DE-A3E0-6B5CEA5AF187}.Debug|Any CPU.Build.0 = Debug|Any CPU
		{0CE261E0-9507-44DE-A3E0-6B5CEA5AF187}.Release|Any CPU.ActiveCfg = Release|Any CPU
		{0CE261E0-9507-44DE-A3E0-6B5CEA5AF187}.Release|Any CPU.Build.0 = Release|Any CPU
		{211B24EE-AA92-4C0D-8B76-0750570B46B1}.Debug|Any CPU.ActiveCfg = Debug|Any CPU
		{211B24EE-AA92-4C0D-8B76-0750570B46B1}.Debug|Any CPU.Build.0 = Debug|Any CPU
		{211B24EE-AA92-4C0D-8B76-0750570B46B1}.Release|Any CPU.ActiveCfg = Release|Any CPU
		{211B24EE-AA92-4C0D-8B76-0750570B46B1}.Release|Any CPU.Build.0 = Release|Any CPU
		{601FB506-EBE5-44DE-854D-62A448B735D5}.Debug|Any CPU.ActiveCfg = Debug|Any CPU
		{601FB506-EBE5-44DE-854D-62A448B735D5}.Debug|Any CPU.Build.0 = Debug|Any CPU
		{601FB506-EBE5-44DE-854D-62A448B735D5}.Release|Any CPU.ActiveCfg = Release|Any CPU
		{601FB506-EBE5-44DE-854D-62A448B735D5}.Release|Any CPU.Build.0 = Release|Any CPU
	EndGlobalSection
	GlobalSection(SolutionProperties) = preSolution
		HideSolutionNode = FALSE
	EndGlobalSection
	GlobalSection(ExtensibilityGlobals) = postSolution
		SolutionGuid = {5984CCCE-92C5-4141-A38E-DC60445F420C}
	EndGlobalSection
EndGlobal
