
Microsoft Visual Studio Solution File, Format Version 12.00
# Visual Studio Version 17
VisualStudioVersion = 17.3.32825.248
MinimumVisualStudioVersion = 10.0.40219.1
Project("{FAE04EC0-301F-11D3-BF4B-00C04F79EFBC}") = "P059_MongoDb", "P059_MongoDb\P059_MongoDb.csproj", "{49389697-04E9-487C-9E32-74F6D59E13A9}"
EndProject
Global
	GlobalSection(SolutionConfigurationPlatforms) = preSolution
		Debug|Any CPU = Debug|Any CPU
		Release|Any CPU = Release|Any CPU
	EndGlobalSection
	GlobalSection(ProjectConfigurationPlatforms) = postSolution
		{49389697-04E9-487C-9E32-74F6D59E13A9}.Debug|Any CPU.ActiveCfg = Debug|Any CPU
		{49389697-04E9-487C-9E32-74F6D59E13A9}.Debug|Any CPU.Build.0 = Debug|Any CPU
		{49389697-04E9-487C-9E32-74F6D59E13A9}.Release|Any CPU.ActiveCfg = Release|Any CPU
		{49389697-04E9-487C-9E32-74F6D59E13A9}.Release|Any CPU.Build.0 = Release|Any CPU
	EndGlobalSection
	GlobalSection(SolutionProperties) = preSolution
		HideSolutionNode = FALSE
	EndGlobalSection
	GlobalSection(ExtensibilityGlobals) = postSolution
		SolutionGuid = {2A20C5B6-A4B9-4F31-8CAA-F134CD3BF4EA}
	EndGlobalSection
EndGlobal
