
Microsoft Visual Studio Solution File, Format Version 12.00
# Visual Studio Version 17
VisualStudioVersion = 17.3.32819.101
MinimumVisualStudioVersion = 10.0.40219.1
Project("{FAE04EC0-301F-11D3-BF4B-00C04F79EFBC}") = "P040_InterfacesPolymorphism", "P040_InterfacesPolymorphism\P040_InterfacesPolymorphism.csproj", "{620F7561-C372-4580-8259-53E8BFEC530E}"
EndProject
Global
	GlobalSection(SolutionConfigurationPlatforms) = preSolution
		Debug|Any CPU = Debug|Any CPU
		Release|Any CPU = Release|Any CPU
	EndGlobalSection
	GlobalSection(ProjectConfigurationPlatforms) = postSolution
		{620F7561-C372-4580-8259-53E8BFEC530E}.Debug|Any CPU.ActiveCfg = Debug|Any CPU
		{620F7561-C372-4580-8259-53E8BFEC530E}.Debug|Any CPU.Build.0 = Debug|Any CPU
		{620F7561-C372-4580-8259-53E8BFEC530E}.Release|Any CPU.ActiveCfg = Release|Any CPU
		{620F7561-C372-4580-8259-53E8BFEC530E}.Release|Any CPU.Build.0 = Release|Any CPU
	EndGlobalSection
	GlobalSection(SolutionProperties) = preSolution
		HideSolutionNode = FALSE
	EndGlobalSection
	GlobalSection(ExtensibilityGlobals) = postSolution
		SolutionGuid = {FFC15C42-AAFB-4F5B-BED9-7861D60D76A5}
	EndGlobalSection
EndGlobal
