
Microsoft Visual Studio Solution File, Format Version 12.00
# Visual Studio Version 17
VisualStudioVersion = 17.3.32825.248
MinimumVisualStudioVersion = 10.0.40219.1
Project("{9A19103F-16F7-4668-BE54-9A1E7A4F7556}") = "P046_OOP_Baigiamasis", "P046_OOP_Baigiamasis\P046_OOP_Baigiamasis.csproj", "{2FD61DC0-244B-499D-9A49-72259D70C5E6}"
EndProject
Project("{FAE04EC0-301F-11D3-BF4B-00C04F79EFBC}") = "P046_OOP_Baigiamasis_Tests", "P046_OOP_Baigiamasis_Tests\P046_OOP_Baigiamasis_Tests.csproj", "{8A43BC99-57C5-404A-96F3-3E3C754F8ECD}"
EndProject
Global
	GlobalSection(SolutionConfigurationPlatforms) = preSolution
		Debug|Any CPU = Debug|Any CPU
		Release|Any CPU = Release|Any CPU
	EndGlobalSection
	GlobalSection(ProjectConfigurationPlatforms) = postSolution
		{2FD61DC0-244B-499D-9A49-72259D70C5E6}.Debug|Any CPU.ActiveCfg = Debug|Any CPU
		{2FD61DC0-244B-499D-9A49-72259D70C5E6}.Debug|Any CPU.Build.0 = Debug|Any CPU
		{2FD61DC0-244B-499D-9A49-72259D70C5E6}.Release|Any CPU.ActiveCfg = Release|Any CPU
		{2FD61DC0-244B-499D-9A49-72259D70C5E6}.Release|Any CPU.Build.0 = Release|Any CPU
		{8A43BC99-57C5-404A-96F3-3E3C754F8ECD}.Debug|Any CPU.ActiveCfg = Debug|Any CPU
		{8A43BC99-57C5-404A-96F3-3E3C754F8ECD}.Debug|Any CPU.Build.0 = Debug|Any CPU
		{8A43BC99-57C5-404A-96F3-3E3C754F8ECD}.Release|Any CPU.ActiveCfg = Release|Any CPU
		{8A43BC99-57C5-404A-96F3-3E3C754F8ECD}.Release|Any CPU.Build.0 = Release|Any CPU
	EndGlobalSection
	GlobalSection(SolutionProperties) = preSolution
		HideSolutionNode = FALSE
	EndGlobalSection
	GlobalSection(ExtensibilityGlobals) = postSolution
		SolutionGuid = {91420090-D217-4E0E-8FDD-C68820B685B0}
	EndGlobalSection
EndGlobal
