
Microsoft Visual Studio Solution File, Format Version 12.00
# Visual Studio Version 17
VisualStudioVersion = 17.4.33110.190
MinimumVisualStudioVersion = 10.0.40219.1
Project("{9A19103F-16F7-4668-BE54-9A1E7A4F7556}") = "P04_EF_Applying_To_API", "P04_EF_Applying_To_API\P04_EF_Applying_To_API.csproj", "{EBAEAA2E-9DFB-42F8-9424-30D01F92FD3D}"
EndProject
Project("{FAE04EC0-301F-11D3-BF4B-00C04F79EFBC}") = "P04_EF_Applying_To_APITests", "P04_EF_Applying_To_APITests\P04_EF_Applying_To_APITests.csproj", "{FC2F3707-C11B-427A-8BC7-519C38BEBBAC}"
EndProject
Global
	GlobalSection(SolutionConfigurationPlatforms) = preSolution
		Debug|Any CPU = Debug|Any CPU
		Release|Any CPU = Release|Any CPU
	EndGlobalSection
	GlobalSection(ProjectConfigurationPlatforms) = postSolution
		{EBAEAA2E-9DFB-42F8-9424-30D01F92FD3D}.Debug|Any CPU.ActiveCfg = Debug|Any CPU
		{EBAEAA2E-9DFB-42F8-9424-30D01F92FD3D}.Debug|Any CPU.Build.0 = Debug|Any CPU
		{EBAEAA2E-9DFB-42F8-9424-30D01F92FD3D}.Release|Any CPU.ActiveCfg = Release|Any CPU
		{EBAEAA2E-9DFB-42F8-9424-30D01F92FD3D}.Release|Any CPU.Build.0 = Release|Any CPU
		{FC2F3707-C11B-427A-8BC7-519C38BEBBAC}.Debug|Any CPU.ActiveCfg = Debug|Any CPU
		{FC2F3707-C11B-427A-8BC7-519C38BEBBAC}.Debug|Any CPU.Build.0 = Debug|Any CPU
		{FC2F3707-C11B-427A-8BC7-519C38BEBBAC}.Release|Any CPU.ActiveCfg = Release|Any CPU
		{FC2F3707-C11B-427A-8BC7-519C38BEBBAC}.Release|Any CPU.Build.0 = Release|Any CPU
	EndGlobalSection
	GlobalSection(SolutionProperties) = preSolution
		HideSolutionNode = FALSE
	EndGlobalSection
	GlobalSection(ExtensibilityGlobals) = postSolution
		SolutionGuid = {2CFE4771-8479-4138-A70D-865AFDDF965D}
	EndGlobalSection
EndGlobal
