
Microsoft Visual Studio Solution File, Format Version 12.00
# Visual Studio Version 17
VisualStudioVersion = 17.3.32901.215
MinimumVisualStudioVersion = 10.0.40219.1
Project("{FAE04EC0-301F-11D3-BF4B-00C04F79EFBC}") = "P053_QueryingSqliteDb_Namu_darbas", "P053_QueryingSqliteDb_Namu_darbas\P053_QueryingSqliteDb_Namu_darbas.csproj", "{C0FC077B-05B7-429A-AAFF-E10082A76050}"
EndProject
Global
	GlobalSection(SolutionConfigurationPlatforms) = preSolution
		Debug|Any CPU = Debug|Any CPU
		Release|Any CPU = Release|Any CPU
	EndGlobalSection
	GlobalSection(ProjectConfigurationPlatforms) = postSolution
		{C0FC077B-05B7-429A-AAFF-E10082A76050}.Debug|Any CPU.ActiveCfg = Debug|Any CPU
		{C0FC077B-05B7-429A-AAFF-E10082A76050}.Debug|Any CPU.Build.0 = Debug|Any CPU
		{C0FC077B-05B7-429A-AAFF-E10082A76050}.Release|Any CPU.ActiveCfg = Release|Any CPU
		{C0FC077B-05B7-429A-AAFF-E10082A76050}.Release|Any CPU.Build.0 = Release|Any CPU
	EndGlobalSection
	GlobalSection(SolutionProperties) = preSolution
		HideSolutionNode = FALSE
	EndGlobalSection
	GlobalSection(ExtensibilityGlobals) = postSolution
		SolutionGuid = {22B52B11-BBD5-4287-97AB-E60789E9CEDE}
	EndGlobalSection
EndGlobal
