
Microsoft Visual Studio Solution File, Format Version 12.00
# Visual Studio Version 17
VisualStudioVersion = 17.3.32901.215
MinimumVisualStudioVersion = 10.0.40219.1
Project("{FAE04EC0-301F-11D3-BF4B-00C04F79EFBC}") = "P058_Json", "P058_Json\P058_Json.csproj", "{6E0F5DF0-7123-47D3-8917-C84061631CEE}"
EndProject
Global
	GlobalSection(SolutionConfigurationPlatforms) = preSolution
		Debug|Any CPU = Debug|Any CPU
		Release|Any CPU = Release|Any CPU
	EndGlobalSection
	GlobalSection(ProjectConfigurationPlatforms) = postSolution
		{6E0F5DF0-7123-47D3-8917-C84061631CEE}.Debug|Any CPU.ActiveCfg = Debug|Any CPU
		{6E0F5DF0-7123-47D3-8917-C84061631CEE}.Debug|Any CPU.Build.0 = Debug|Any CPU
		{6E0F5DF0-7123-47D3-8917-C84061631CEE}.Release|Any CPU.ActiveCfg = Release|Any CPU
		{6E0F5DF0-7123-47D3-8917-C84061631CEE}.Release|Any CPU.Build.0 = Release|Any CPU
	EndGlobalSection
	GlobalSection(SolutionProperties) = preSolution
		HideSolutionNode = FALSE
	EndGlobalSection
	GlobalSection(ExtensibilityGlobals) = postSolution
		SolutionGuid = {50BBAE91-C5C6-4B78-82CA-0D66434B6559}
	EndGlobalSection
EndGlobal
