
Microsoft Visual Studio Solution File, Format Version 12.00
# Visual Studio Version 17
VisualStudioVersion = 17.3.32819.101
MinimumVisualStudioVersion = 10.0.40219.1
Project("{FAE04EC0-301F-11D3-BF4B-00C04F79EFBC}") = "P044_Extensions", "P044_Extensions\P044_Extensions.csproj", "{EC5EC6D5-82E0-4E83-8205-6C0BEB3B2CCA}"
EndProject
Global
	GlobalSection(SolutionConfigurationPlatforms) = preSolution
		Debug|Any CPU = Debug|Any CPU
		Release|Any CPU = Release|Any CPU
	EndGlobalSection
	GlobalSection(ProjectConfigurationPlatforms) = postSolution
		{EC5EC6D5-82E0-4E83-8205-6C0BEB3B2CCA}.Debug|Any CPU.ActiveCfg = Debug|Any CPU
		{EC5EC6D5-82E0-4E83-8205-6C0BEB3B2CCA}.Debug|Any CPU.Build.0 = Debug|Any CPU
		{EC5EC6D5-82E0-4E83-8205-6C0BEB3B2CCA}.Release|Any CPU.ActiveCfg = Release|Any CPU
		{EC5EC6D5-82E0-4E83-8205-6C0BEB3B2CCA}.Release|Any CPU.Build.0 = Release|Any CPU
	EndGlobalSection
	GlobalSection(SolutionProperties) = preSolution
		HideSolutionNode = FALSE
	EndGlobalSection
	GlobalSection(ExtensibilityGlobals) = postSolution
		SolutionGuid = {BEF6F19F-52AF-454B-B109-63C2445E0948}
	EndGlobalSection
EndGlobal
