
Microsoft Visual Studio Solution File, Format Version 12.00
# Visual Studio Version 17
VisualStudioVersion = 17.2.32519.379
MinimumVisualStudioVersion = 10.0.40219.1
Project("{FAE04EC0-301F-11D3-BF4B-00C04F79EFBC}") = "BasicMokymai", "BasicMokymai\BasicMokymai.csproj", "{BB5DC5CA-5F49-436D-A295-3F21DE2A7A00}"
EndProject
Global
	GlobalSection(SolutionConfigurationPlatforms) = preSolution
		Debug|Any CPU = Debug|Any CPU
		Release|Any CPU = Release|Any CPU
	EndGlobalSection
	GlobalSection(ProjectConfigurationPlatforms) = postSolution
		{BB5DC5CA-5F49-436D-A295-3F21DE2A7A00}.Debug|Any CPU.ActiveCfg = Debug|Any CPU
		{BB5DC5CA-5F49-436D-A295-3F21DE2A7A00}.Debug|Any CPU.Build.0 = Debug|Any CPU
		{BB5DC5CA-5F49-436D-A295-3F21DE2A7A00}.Release|Any CPU.ActiveCfg = Release|Any CPU
		{BB5DC5CA-5F49-436D-A295-3F21DE2A7A00}.Release|Any CPU.Build.0 = Release|Any CPU
	EndGlobalSection
	GlobalSection(SolutionProperties) = preSolution
		HideSolutionNode = FALSE
	EndGlobalSection
	GlobalSection(ExtensibilityGlobals) = postSolution
		SolutionGuid = {58E85068-77F7-4096-95F2-2C2C141251B5}
	EndGlobalSection
EndGlobal
