
Microsoft Visual Studio Solution File, Format Version 12.00
# Visual Studio Version 17
VisualStudioVersion = 17.2.32519.379
MinimumVisualStudioVersion = 10.0.40219.1
Project("{9A19103F-16F7-4668-BE54-9A1E7A4F7556}") = "BasicMokymai", "BasicMokymai\BasicMokymai.csproj", "{BB5DC5CA-5F49-436D-A295-3F21DE2A7A00}"
EndProject
Project("{9A19103F-16F7-4668-BE54-9A1E7A4F7556}") = "Užduotis nr.1", "Užduotis nr.1\Užduotis nr.1.csproj", "{3A1E274D-205E-44C5-9C53-68ACB58D8080}"
EndProject
Project("{FAE04EC0-301F-11D3-BF4B-00C04F79EFBC}") = "Užduotis nr.2", "Užduotis nr.2\Užduotis nr.2.csproj", "{A9D21DEB-E570-43C0-A115-B4B93AA0615E}"
EndProject
Project("{FAE04EC0-301F-11D3-BF4B-00C04F79EFBC}") = "Užduotis nr. 3", "Užduotis nr. 3\Užduotis nr. 3.csproj", "{D3EEBD3C-2069-4990-B1B6-317A50683831}"
EndProject
Project("{FAE04EC0-301F-11D3-BF4B-00C04F79EFBC}") = "String kintamieji", "String kintamieji\String kintamieji.csproj", "{EC0FFA3E-88B3-4C62-8FAA-EB1AA9B76446}"
EndProject
Project("{FAE04EC0-301F-11D3-BF4B-00C04F79EFBC}") = "Tower of Hanoi", "Tower of Hanoi\Tower of Hanoi.csproj", "{89D9B593-618B-4B07-8137-D770E6C09927}"
EndProject
Global
	GlobalSection(SolutionConfigurationPlatforms) = preSolution
		Debug|Any CPU = Debug|Any CPU
		Release|Any CPU = Release|Any CPU
	EndGlobalSection
	GlobalSection(ProjectConfigurationPlatforms) = postSolution
		{BB5DC5CA-5F49-436D-A295-3F21DE2A7A00}.Debug|Any CPU.ActiveCfg = Debug|Any CPU
		{BB5DC5CA-5F49-436D-A295-3F21DE2A7A00}.Debug|Any CPU.Build.0 = Debug|Any CPU
		{BB5DC5CA-5F49-436D-A295-3F21DE2A7A00}.Release|Any CPU.ActiveCfg = Release|Any CPU
		{BB5DC5CA-5F49-436D-A295-3F21DE2A7A00}.Release|Any CPU.Build.0 = Release|Any CPU
		{3A1E274D-205E-44C5-9C53-68ACB58D8080}.Debug|Any CPU.ActiveCfg = Debug|Any CPU
		{3A1E274D-205E-44C5-9C53-68ACB58D8080}.Debug|Any CPU.Build.0 = Debug|Any CPU
		{3A1E274D-205E-44C5-9C53-68ACB58D8080}.Release|Any CPU.ActiveCfg = Release|Any CPU
		{3A1E274D-205E-44C5-9C53-68ACB58D8080}.Release|Any CPU.Build.0 = Release|Any CPU
		{A9D21DEB-E570-43C0-A115-B4B93AA0615E}.Debug|Any CPU.ActiveCfg = Debug|Any CPU
		{A9D21DEB-E570-43C0-A115-B4B93AA0615E}.Debug|Any CPU.Build.0 = Debug|Any CPU
		{A9D21DEB-E570-43C0-A115-B4B93AA0615E}.Release|Any CPU.ActiveCfg = Release|Any CPU
		{A9D21DEB-E570-43C0-A115-B4B93AA0615E}.Release|Any CPU.Build.0 = Release|Any CPU
		{D3EEBD3C-2069-4990-B1B6-317A50683831}.Debug|Any CPU.ActiveCfg = Debug|Any CPU
		{D3EEBD3C-2069-4990-B1B6-317A50683831}.Debug|Any CPU.Build.0 = Debug|Any CPU
		{D3EEBD3C-2069-4990-B1B6-317A50683831}.Release|Any CPU.ActiveCfg = Release|Any CPU
		{D3EEBD3C-2069-4990-B1B6-317A50683831}.Release|Any CPU.Build.0 = Release|Any CPU
		{EC0FFA3E-88B3-4C62-8FAA-EB1AA9B76446}.Debug|Any CPU.ActiveCfg = Debug|Any CPU
		{EC0FFA3E-88B3-4C62-8FAA-EB1AA9B76446}.Debug|Any CPU.Build.0 = Debug|Any CPU
		{EC0FFA3E-88B3-4C62-8FAA-EB1AA9B76446}.Release|Any CPU.ActiveCfg = Release|Any CPU
		{EC0FFA3E-88B3-4C62-8FAA-EB1AA9B76446}.Release|Any CPU.Build.0 = Release|Any CPU
		{89D9B593-618B-4B07-8137-D770E6C09927}.Debug|Any CPU.ActiveCfg = Debug|Any CPU
		{89D9B593-618B-4B07-8137-D770E6C09927}.Debug|Any CPU.Build.0 = Debug|Any CPU
		{89D9B593-618B-4B07-8137-D770E6C09927}.Release|Any CPU.ActiveCfg = Release|Any CPU
		{89D9B593-618B-4B07-8137-D770E6C09927}.Release|Any CPU.Build.0 = Release|Any CPU
	EndGlobalSection
	GlobalSection(SolutionProperties) = preSolution
		HideSolutionNode = FALSE
	EndGlobalSection
	GlobalSection(ExtensibilityGlobals) = postSolution
		SolutionGuid = {58E85068-77F7-4096-95F2-2C2C141251B5}
	EndGlobalSection
EndGlobal
