
Microsoft Visual Studio Solution File, Format Version 12.00
# Visual Studio Version 17
VisualStudioVersion = 17.2.32519.379
MinimumVisualStudioVersion = 10.0.40219.1
Project("{9A19103F-16F7-4668-BE54-9A1E7A4F7556}") = "BasicMokymai", "BasicMokymai\BasicMokymai.csproj", "{BB5DC5CA-5F49-436D-A295-3F21DE2A7A00}"
EndProject
Project("{9A19103F-16F7-4668-BE54-9A1E7A4F7556}") = "Užduotis nr.1", "Užduotis nr.1\Užduotis nr.1.csproj", "{3A1E274D-205E-44C5-9C53-68ACB58D8080}"
EndProject
Project("{9A19103F-16F7-4668-BE54-9A1E7A4F7556}") = "Užduotis nr.2", "Užduotis nr.2\Užduotis nr.2.csproj", "{A9D21DEB-E570-43C0-A115-B4B93AA0615E}"
EndProject
Project("{9A19103F-16F7-4668-BE54-9A1E7A4F7556}") = "Užduotis nr. 3", "Užduotis nr. 3\Užduotis nr. 3.csproj", "{D3EEBD3C-2069-4990-B1B6-317A50683831}"
EndProject
Project("{9A19103F-16F7-4668-BE54-9A1E7A4F7556}") = "String kintamieji", "String kintamieji\String kintamieji.csproj", "{EC0FFA3E-88B3-4C62-8FAA-EB1AA9B76446}"
EndProject
Project("{9A19103F-16F7-4668-BE54-9A1E7A4F7556}") = "Tower of Hanoi", "Tower of Hanoi\Tower of Hanoi.csproj", "{89D9B593-618B-4B07-8137-D770E6C09927}"
EndProject
Project("{9A19103F-16F7-4668-BE54-9A1E7A4F7556}") = "Kintamieji", "Kintamieji\Kintamieji.csproj", "{9CF38B1A-595A-4176-A536-DF2D277ED31F}"
EndProject
Project("{9A19103F-16F7-4668-BE54-9A1E7A4F7556}") = "Kintamieji užduotis", "Kintamieji užduotis\Kintamieji užduotis.csproj", "{29725ED1-5982-47FF-9B54-4E23D50A9E4C}"
EndProject
Project("{9A19103F-16F7-4668-BE54-9A1E7A4F7556}") = "Tipu mokymai", "Tipu mokymai\Tipu mokymai.csproj", "{6E7EB618-1A1B-4637-9453-EBB156588B93}"
EndProject
Project("{9A19103F-16F7-4668-BE54-9A1E7A4F7556}") = "Matematikos operatoriai", "Matematikos operatoriai\Matematikos operatoriai.csproj", "{62A633DB-32FB-48DC-B375-9F33B8F052B5}"
EndProject
Project("{9A19103F-16F7-4668-BE54-9A1E7A4F7556}") = "Kintamuju uzduotis1", "Kintamuju uzduotis1\Kintamuju uzduotis1.csproj", "{861C525D-CB69-46F9-A0F9-E417EC468474}"
EndProject
Project("{9A19103F-16F7-4668-BE54-9A1E7A4F7556}") = "Operatoriai", "Operatoriai\Operatoriai.csproj", "{759C51E8-3921-4273-976F-174ABF7F7BEC}"
EndProject
Project("{9A19103F-16F7-4668-BE54-9A1E7A4F7556}") = "Operatoriai_uzduotis", "Operatoriai_uzduotis\Operatoriai_uzduotis.csproj", "{46776AAB-19AB-4D0A-A307-44F504981980}"
EndProject
Project("{9A19103F-16F7-4668-BE54-9A1E7A4F7556}") = "Savarankiska uzduotis 1", "Savarankiska uzduotis 1\Savarankiska uzduotis 1.csproj", "{3C7105F1-755F-4EC4-8C54-EAB0D1CAF551}"
EndProject
Project("{9A19103F-16F7-4668-BE54-9A1E7A4F7556}") = "Loginiai operatoriai", "Loginiai operatoriai\Loginiai operatoriai.csproj", "{FE58B34B-1C73-45F4-8DAE-8F1CFA4E2D7F}"
EndProject
Project("{9A19103F-16F7-4668-BE54-9A1E7A4F7556}") = "IF salygos", "IF salygos\IF salygos.csproj", "{E53CEC55-5803-4614-B245-57394411B249}"
EndProject
Project("{9A19103F-16F7-4668-BE54-9A1E7A4F7556}") = "Switch uzduotys", "Switch uzduotys\Switch uzduotys.csproj", "{68361579-DF1E-414B-B822-6D84C0C387DB}"
EndProject
Project("{9A19103F-16F7-4668-BE54-9A1E7A4F7556}") = "String", "String\String.csproj", "{A650C422-8DE1-4584-9099-7D0DEF64213A}"
EndProject
Project("{9A19103F-16F7-4668-BE54-9A1E7A4F7556}") = "Uzduotis AMŽIAUS MELAGIS", "Uzduotis AMŽIAUS MELAGIS\Uzduotis AMŽIAUS MELAGIS.csproj", "{F55F361E-F907-4D5D-9231-A038AB1C5014}"
EndProject
Project("{9A19103F-16F7-4668-BE54-9A1E7A4F7556}") = "Paskaita_Metodai", "Paskaita_Metodai\Paskaita_Metodai.csproj", "{F344BFB5-E726-4B96-9914-4204AF945DA0}"
EndProject
Project("{9A19103F-16F7-4668-BE54-9A1E7A4F7556}") = "Metodai_praktika", "Metodai_praktika\Metodai_praktika.csproj", "{D04F06F7-B04F-4235-934E-07999EFE7A0F}"
EndProject
Project("{9A19103F-16F7-4668-BE54-9A1E7A4F7556}") = "Praktika_Metodai", "Praktika_Metodai\Praktika_Metodai.csproj", "{725D0CF9-3831-4DAA-B62A-446BFDAE5F48}"
EndProject
Project("{2150E333-8FDC-42A3-9474-1A3956D46DE8}") = "Tests", "Tests", "{3FF10820-AFED-4934-85AA-07AAD0897C05}"
EndProject
Project("{9A19103F-16F7-4668-BE54-9A1E7A4F7556}") = "Metodu_testavimas", "Metodu_testavimas\Metodu_testavimas.csproj", "{421FB3FB-FE94-4663-B78B-2D152013C510}"
EndProject
Project("{9A19103F-16F7-4668-BE54-9A1E7A4F7556}") = "P014 Debug", "P014 Debug\P014 Debug.csproj", "{F32C4F33-83E0-4D4C-B63D-DB7C76DDBF30}"
EndProject
Project("{9A19103F-16F7-4668-BE54-9A1E7A4F7556}") = "P014_Debug_tests", "P014_Debug_tests\P014_Debug_tests.csproj", "{A5DAC4F5-FA74-4908-8168-427A15113C9A}"
EndProject
Project("{9A19103F-16F7-4668-BE54-9A1E7A4F7556}") = "Užduotis Skaičiuotuvas", "Užduotis Skaičiuotuvas\Užduotis Skaičiuotuvas.csproj", "{2A3B68BA-FCCE-4BB3-A498-84B4B8D2967F}"
EndProject
Project("{9A19103F-16F7-4668-BE54-9A1E7A4F7556}") = "Skaičiatuvo_test", "Skaičiatuvo_test\Skaičiatuvo_test.csproj", "{4C835619-7703-438F-BBAB-264D4372CCA3}"
EndProject
Project("{9A19103F-16F7-4668-BE54-9A1E7A4F7556}") = "Uzduotis_daugiakampis", "Uzduotis_daugiakampis\Uzduotis_daugiakampis.csproj", "{8D44613A-BAB5-47E1-A3F8-E35065473979}"
EndProject
Project("{9A19103F-16F7-4668-BE54-9A1E7A4F7556}") = "Daugiakampio_ploto_testavimas", "Daugiakampio_ploto_testavimas\Daugiakampio_ploto_testavimas.csproj", "{C4590723-10A3-4A18-B531-D5801F5DEC6F}"
EndProject
Project("{9A19103F-16F7-4668-BE54-9A1E7A4F7556}") = "Uzduotis_DNR", "Uzduotis_DNR\Uzduotis_DNR.csproj", "{D5380882-2EC9-453D-BB35-EE3EAD5BFE6F}"
EndProject
Project("{9A19103F-16F7-4668-BE54-9A1E7A4F7556}") = "Ciklai", "Ciklai\Ciklai.csproj", "{04BBF8B4-5BBF-4A37-88A8-7848C7E1608F}"
EndProject
Project("{9A19103F-16F7-4668-BE54-9A1E7A4F7556}") = "Uzduotis_DNR_testai", "Uzduotis_DNR_testai\Uzduotis_DNR_testai.csproj", "{535BEB9C-7FA9-48B9-81FA-9C5C1207A157}"
EndProject
Project("{9A19103F-16F7-4668-BE54-9A1E7A4F7556}") = "For Ciklai", "For Ciklai\For Ciklai.csproj", "{F50FBF86-277A-44B2-A4E5-434EE0E125FD}"
EndProject
Project("{9A19103F-16F7-4668-BE54-9A1E7A4F7556}") = "For_Ciklai_testai", "For_Ciklai_testai\For_Ciklai_testai.csproj", "{19B9734A-1123-44DB-BB4F-B9300F7B94C4}"
EndProject
Project("{9A19103F-16F7-4668-BE54-9A1E7A4F7556}") = "For_Uzduotys", "For_Uzduotys\For_Uzduotys.csproj", "{B40DB419-A662-42E9-9363-DBD31A7F201C}"
EndProject
Project("{9A19103F-16F7-4668-BE54-9A1E7A4F7556}") = "ForUzduotysTest", "ForUzduotysTest\ForUzduotysTest.csproj", "{CD862EC1-674B-4A3C-A412-F5015E51238F}"
EndProject
Project("{9A19103F-16F7-4668-BE54-9A1E7A4F7556}") = "String _Builder", "String _Builder\String _Builder.csproj", "{61AC579B-90F5-4623-9BB2-23B39B94EEC4}"
EndProject
Project("{9A19103F-16F7-4668-BE54-9A1E7A4F7556}") = "Skaiciuotuvas2", "Skaiciuotuvas2\Skaiciuotuvas2.csproj", "{C97618B4-606F-4338-A6FC-4D2508A79236}"
EndProject
Project("{9A19103F-16F7-4668-BE54-9A1E7A4F7556}") = "Masyvai", "Masyvai\Masyvai.csproj", "{F54D2C1C-FA2E-45AC-A399-0125D768ED28}"
EndProject
Project("{9A19103F-16F7-4668-BE54-9A1E7A4F7556}") = "Skaiciatuvo2_Test", "Skaiciatuvo2_Test\Skaiciatuvo2_Test.csproj", "{EF150EC3-619E-455E-8281-E199BDD2444B}"
EndProject
Project("{9A19103F-16F7-4668-BE54-9A1E7A4F7556}") = "Masyvai_uzduotis", "Masyvai_uzduotis\Masyvai_uzduotis.csproj", "{BE634657-F0B1-44AB-9E29-26C336806CE5}"
EndProject
Project("{9A19103F-16F7-4668-BE54-9A1E7A4F7556}") = "Masyvu_kartojimas", "Masyvu_kartojimas\Masyvu_kartojimas.csproj", "{78AA7D2F-A1B3-4E91-B10E-AB612FDDA167}"
EndProject
Project("{9A19103F-16F7-4668-BE54-9A1E7A4F7556}") = "Masyvu_kartojimas_test", "Masyvu_kartojimas_test\Masyvu_kartojimas_test.csproj", "{65B0B2B1-464C-4C2D-963A-F202A02B30C0}"
EndProject
Project("{9A19103F-16F7-4668-BE54-9A1E7A4F7556}") = "List", "List\List.csproj", "{218204F3-02B2-4BC6-8AFF-7F6130D3FC45}"
EndProject
Project("{9A19103F-16F7-4668-BE54-9A1E7A4F7556}") = "List_uzduotys", "List_uzduotys\List_uzduotys.csproj", "{2BE0D107-E0EF-4F5F-8519-BC33F61E0C8A}"
EndProject
Project("{9A19103F-16F7-4668-BE54-9A1E7A4F7556}") = "List_testai", "List_testai\List_testai.csproj", "{50A7DE28-227D-432C-9BED-4CA98D60E998}"
EndProject
Project("{9A19103F-16F7-4668-BE54-9A1E7A4F7556}") = "ForEach", "ForEach\ForEach.csproj", "{6A117FB5-237A-4740-B305-7B470E318881}"
EndProject
Project("{9A19103F-16F7-4668-BE54-9A1E7A4F7556}") = "ForEach_tests", "ForEach_tests\ForEach_tests.csproj", "{6FEFF6E8-9E09-4950-9FF2-9F3AD40D960D}"
EndProject
Project("{9A19103F-16F7-4668-BE54-9A1E7A4F7556}") = "SuperSkaiciuotuvas", "SuperSkaiciuotuvas\SuperSkaiciuotuvas.csproj", "{F8CE44E9-B7EB-4090-B02A-D28D5F022DCA}"
EndProject
Project("{9A19103F-16F7-4668-BE54-9A1E7A4F7556}") = "SuperSkaiciuotuvas_Tests", "SuperSkaiciuotuvas_Tests\SuperSkaiciuotuvas_Tests.csproj", "{9BD836D7-556B-4298-A503-CA8005A8EA39}"
EndProject
Project("{9A19103F-16F7-4668-BE54-9A1E7A4F7556}") = "Dictionaries", "Dictionaries\Dictionaries.csproj", "{827A6FF2-224D-42C3-BBFE-B594B8B5BE5F}"
EndProject
Project("{9A19103F-16F7-4668-BE54-9A1E7A4F7556}") = "Paskaita_Random", "Paskaita_Random\Paskaita_Random.csproj", "{8185CE6E-723A-4CB2-96A0-809317241010}"
EndProject
Project("{9A19103F-16F7-4668-BE54-9A1E7A4F7556}") = "BasicKartojimas", "BasicKartojimas\BasicKartojimas.csproj", "{19A7AB99-40B8-44EC-B4EB-ECA4D8A7E323}"
EndProject
Project("{9A19103F-16F7-4668-BE54-9A1E7A4F7556}") = "Hangman", "Hangman\Hangman.csproj", "{CDA22A62-81B1-465D-9594-31D4B46A6013}"
EndProject
Project("{9A19103F-16F7-4668-BE54-9A1E7A4F7556}") = "Hangman_testai", "Hangman_testai\Hangman_testai.csproj", "{84838377-2AA8-41C9-9837-3E40D15E7345}"
EndProject
Project("{2150E333-8FDC-42A3-9474-1A3956D46DE8}") = "OOP", "OOP", "{67C930B4-1EB7-4B61-98C9-EE6D2FEA4A3F}"
EndProject
Project("{FAE04EC0-301F-11D3-BF4B-00C04F79EFBC}") = "ObjektinisProgramavimas", "ObjektinisProgramavimas\ObjektinisProgramavimas.csproj", "{FA3CCA3E-6804-43F4-80FD-52D3A96D1F3F}"
EndProject
Global
	GlobalSection(SolutionConfigurationPlatforms) = preSolution
		Debug|Any CPU = Debug|Any CPU
		Release|Any CPU = Release|Any CPU
	EndGlobalSection
	GlobalSection(ProjectConfigurationPlatforms) = postSolution
		{BB5DC5CA-5F49-436D-A295-3F21DE2A7A00}.Debug|Any CPU.ActiveCfg = Debug|Any CPU
		{BB5DC5CA-5F49-436D-A295-3F21DE2A7A00}.Debug|Any CPU.Build.0 = Debug|Any CPU
		{BB5DC5CA-5F49-436D-A295-3F21DE2A7A00}.Release|Any CPU.ActiveCfg = Release|Any CPU
		{BB5DC5CA-5F49-436D-A295-3F21DE2A7A00}.Release|Any CPU.Build.0 = Release|Any CPU
		{3A1E274D-205E-44C5-9C53-68ACB58D8080}.Debug|Any CPU.ActiveCfg = Debug|Any CPU
		{3A1E274D-205E-44C5-9C53-68ACB58D8080}.Debug|Any CPU.Build.0 = Debug|Any CPU
		{3A1E274D-205E-44C5-9C53-68ACB58D8080}.Release|Any CPU.ActiveCfg = Release|Any CPU
		{3A1E274D-205E-44C5-9C53-68ACB58D8080}.Release|Any CPU.Build.0 = Release|Any CPU
		{A9D21DEB-E570-43C0-A115-B4B93AA0615E}.Debug|Any CPU.ActiveCfg = Debug|Any CPU
		{A9D21DEB-E570-43C0-A115-B4B93AA0615E}.Debug|Any CPU.Build.0 = Debug|Any CPU
		{A9D21DEB-E570-43C0-A115-B4B93AA0615E}.Release|Any CPU.ActiveCfg = Release|Any CPU
		{A9D21DEB-E570-43C0-A115-B4B93AA0615E}.Release|Any CPU.Build.0 = Release|Any CPU
		{D3EEBD3C-2069-4990-B1B6-317A50683831}.Debug|Any CPU.ActiveCfg = Debug|Any CPU
		{D3EEBD3C-2069-4990-B1B6-317A50683831}.Debug|Any CPU.Build.0 = Debug|Any CPU
		{D3EEBD3C-2069-4990-B1B6-317A50683831}.Release|Any CPU.ActiveCfg = Release|Any CPU
		{D3EEBD3C-2069-4990-B1B6-317A50683831}.Release|Any CPU.Build.0 = Release|Any CPU
		{EC0FFA3E-88B3-4C62-8FAA-EB1AA9B76446}.Debug|Any CPU.ActiveCfg = Debug|Any CPU
		{EC0FFA3E-88B3-4C62-8FAA-EB1AA9B76446}.Debug|Any CPU.Build.0 = Debug|Any CPU
		{EC0FFA3E-88B3-4C62-8FAA-EB1AA9B76446}.Release|Any CPU.ActiveCfg = Release|Any CPU
		{EC0FFA3E-88B3-4C62-8FAA-EB1AA9B76446}.Release|Any CPU.Build.0 = Release|Any CPU
		{89D9B593-618B-4B07-8137-D770E6C09927}.Debug|Any CPU.ActiveCfg = Debug|Any CPU
		{89D9B593-618B-4B07-8137-D770E6C09927}.Debug|Any CPU.Build.0 = Debug|Any CPU
		{89D9B593-618B-4B07-8137-D770E6C09927}.Release|Any CPU.ActiveCfg = Release|Any CPU
		{89D9B593-618B-4B07-8137-D770E6C09927}.Release|Any CPU.Build.0 = Release|Any CPU
		{9CF38B1A-595A-4176-A536-DF2D277ED31F}.Debug|Any CPU.ActiveCfg = Debug|Any CPU
		{9CF38B1A-595A-4176-A536-DF2D277ED31F}.Debug|Any CPU.Build.0 = Debug|Any CPU
		{9CF38B1A-595A-4176-A536-DF2D277ED31F}.Release|Any CPU.ActiveCfg = Release|Any CPU
		{9CF38B1A-595A-4176-A536-DF2D277ED31F}.Release|Any CPU.Build.0 = Release|Any CPU
		{29725ED1-5982-47FF-9B54-4E23D50A9E4C}.Debug|Any CPU.ActiveCfg = Debug|Any CPU
		{29725ED1-5982-47FF-9B54-4E23D50A9E4C}.Debug|Any CPU.Build.0 = Debug|Any CPU
		{29725ED1-5982-47FF-9B54-4E23D50A9E4C}.Release|Any CPU.ActiveCfg = Release|Any CPU
		{29725ED1-5982-47FF-9B54-4E23D50A9E4C}.Release|Any CPU.Build.0 = Release|Any CPU
		{6E7EB618-1A1B-4637-9453-EBB156588B93}.Debug|Any CPU.ActiveCfg = Debug|Any CPU
		{6E7EB618-1A1B-4637-9453-EBB156588B93}.Debug|Any CPU.Build.0 = Debug|Any CPU
		{6E7EB618-1A1B-4637-9453-EBB156588B93}.Release|Any CPU.ActiveCfg = Release|Any CPU
		{6E7EB618-1A1B-4637-9453-EBB156588B93}.Release|Any CPU.Build.0 = Release|Any CPU
		{62A633DB-32FB-48DC-B375-9F33B8F052B5}.Debug|Any CPU.ActiveCfg = Debug|Any CPU
		{62A633DB-32FB-48DC-B375-9F33B8F052B5}.Debug|Any CPU.Build.0 = Debug|Any CPU
		{62A633DB-32FB-48DC-B375-9F33B8F052B5}.Release|Any CPU.ActiveCfg = Release|Any CPU
		{62A633DB-32FB-48DC-B375-9F33B8F052B5}.Release|Any CPU.Build.0 = Release|Any CPU
		{861C525D-CB69-46F9-A0F9-E417EC468474}.Debug|Any CPU.ActiveCfg = Debug|Any CPU
		{861C525D-CB69-46F9-A0F9-E417EC468474}.Debug|Any CPU.Build.0 = Debug|Any CPU
		{861C525D-CB69-46F9-A0F9-E417EC468474}.Release|Any CPU.ActiveCfg = Release|Any CPU
		{861C525D-CB69-46F9-A0F9-E417EC468474}.Release|Any CPU.Build.0 = Release|Any CPU
		{759C51E8-3921-4273-976F-174ABF7F7BEC}.Debug|Any CPU.ActiveCfg = Debug|Any CPU
		{759C51E8-3921-4273-976F-174ABF7F7BEC}.Debug|Any CPU.Build.0 = Debug|Any CPU
		{759C51E8-3921-4273-976F-174ABF7F7BEC}.Release|Any CPU.ActiveCfg = Release|Any CPU
		{759C51E8-3921-4273-976F-174ABF7F7BEC}.Release|Any CPU.Build.0 = Release|Any CPU
		{46776AAB-19AB-4D0A-A307-44F504981980}.Debug|Any CPU.ActiveCfg = Debug|Any CPU
		{46776AAB-19AB-4D0A-A307-44F504981980}.Debug|Any CPU.Build.0 = Debug|Any CPU
		{46776AAB-19AB-4D0A-A307-44F504981980}.Release|Any CPU.ActiveCfg = Release|Any CPU
		{46776AAB-19AB-4D0A-A307-44F504981980}.Release|Any CPU.Build.0 = Release|Any CPU
		{3C7105F1-755F-4EC4-8C54-EAB0D1CAF551}.Debug|Any CPU.ActiveCfg = Debug|Any CPU
		{3C7105F1-755F-4EC4-8C54-EAB0D1CAF551}.Debug|Any CPU.Build.0 = Debug|Any CPU
		{3C7105F1-755F-4EC4-8C54-EAB0D1CAF551}.Release|Any CPU.ActiveCfg = Release|Any CPU
		{3C7105F1-755F-4EC4-8C54-EAB0D1CAF551}.Release|Any CPU.Build.0 = Release|Any CPU
		{FE58B34B-1C73-45F4-8DAE-8F1CFA4E2D7F}.Debug|Any CPU.ActiveCfg = Debug|Any CPU
		{FE58B34B-1C73-45F4-8DAE-8F1CFA4E2D7F}.Debug|Any CPU.Build.0 = Debug|Any CPU
		{FE58B34B-1C73-45F4-8DAE-8F1CFA4E2D7F}.Release|Any CPU.ActiveCfg = Release|Any CPU
		{FE58B34B-1C73-45F4-8DAE-8F1CFA4E2D7F}.Release|Any CPU.Build.0 = Release|Any CPU
		{E53CEC55-5803-4614-B245-57394411B249}.Debug|Any CPU.ActiveCfg = Debug|Any CPU
		{E53CEC55-5803-4614-B245-57394411B249}.Debug|Any CPU.Build.0 = Debug|Any CPU
		{E53CEC55-5803-4614-B245-57394411B249}.Release|Any CPU.ActiveCfg = Release|Any CPU
		{E53CEC55-5803-4614-B245-57394411B249}.Release|Any CPU.Build.0 = Release|Any CPU
		{68361579-DF1E-414B-B822-6D84C0C387DB}.Debug|Any CPU.ActiveCfg = Debug|Any CPU
		{68361579-DF1E-414B-B822-6D84C0C387DB}.Debug|Any CPU.Build.0 = Debug|Any CPU
		{68361579-DF1E-414B-B822-6D84C0C387DB}.Release|Any CPU.ActiveCfg = Release|Any CPU
		{68361579-DF1E-414B-B822-6D84C0C387DB}.Release|Any CPU.Build.0 = Release|Any CPU
		{A650C422-8DE1-4584-9099-7D0DEF64213A}.Debug|Any CPU.ActiveCfg = Debug|Any CPU
		{A650C422-8DE1-4584-9099-7D0DEF64213A}.Debug|Any CPU.Build.0 = Debug|Any CPU
		{A650C422-8DE1-4584-9099-7D0DEF64213A}.Release|Any CPU.ActiveCfg = Release|Any CPU
		{A650C422-8DE1-4584-9099-7D0DEF64213A}.Release|Any CPU.Build.0 = Release|Any CPU
		{F55F361E-F907-4D5D-9231-A038AB1C5014}.Debug|Any CPU.ActiveCfg = Debug|Any CPU
		{F55F361E-F907-4D5D-9231-A038AB1C5014}.Debug|Any CPU.Build.0 = Debug|Any CPU
		{F55F361E-F907-4D5D-9231-A038AB1C5014}.Release|Any CPU.ActiveCfg = Release|Any CPU
		{F55F361E-F907-4D5D-9231-A038AB1C5014}.Release|Any CPU.Build.0 = Release|Any CPU
		{F344BFB5-E726-4B96-9914-4204AF945DA0}.Debug|Any CPU.ActiveCfg = Debug|Any CPU
		{F344BFB5-E726-4B96-9914-4204AF945DA0}.Debug|Any CPU.Build.0 = Debug|Any CPU
		{F344BFB5-E726-4B96-9914-4204AF945DA0}.Release|Any CPU.ActiveCfg = Release|Any CPU
		{F344BFB5-E726-4B96-9914-4204AF945DA0}.Release|Any CPU.Build.0 = Release|Any CPU
		{D04F06F7-B04F-4235-934E-07999EFE7A0F}.Debug|Any CPU.ActiveCfg = Debug|Any CPU
		{D04F06F7-B04F-4235-934E-07999EFE7A0F}.Debug|Any CPU.Build.0 = Debug|Any CPU
		{D04F06F7-B04F-4235-934E-07999EFE7A0F}.Release|Any CPU.ActiveCfg = Release|Any CPU
		{D04F06F7-B04F-4235-934E-07999EFE7A0F}.Release|Any CPU.Build.0 = Release|Any CPU
		{725D0CF9-3831-4DAA-B62A-446BFDAE5F48}.Debug|Any CPU.ActiveCfg = Debug|Any CPU
		{725D0CF9-3831-4DAA-B62A-446BFDAE5F48}.Debug|Any CPU.Build.0 = Debug|Any CPU
		{725D0CF9-3831-4DAA-B62A-446BFDAE5F48}.Release|Any CPU.ActiveCfg = Release|Any CPU
		{725D0CF9-3831-4DAA-B62A-446BFDAE5F48}.Release|Any CPU.Build.0 = Release|Any CPU
		{421FB3FB-FE94-4663-B78B-2D152013C510}.Debug|Any CPU.ActiveCfg = Debug|Any CPU
		{421FB3FB-FE94-4663-B78B-2D152013C510}.Debug|Any CPU.Build.0 = Debug|Any CPU
		{421FB3FB-FE94-4663-B78B-2D152013C510}.Release|Any CPU.ActiveCfg = Release|Any CPU
		{421FB3FB-FE94-4663-B78B-2D152013C510}.Release|Any CPU.Build.0 = Release|Any CPU
		{F32C4F33-83E0-4D4C-B63D-DB7C76DDBF30}.Debug|Any CPU.ActiveCfg = Debug|Any CPU
		{F32C4F33-83E0-4D4C-B63D-DB7C76DDBF30}.Debug|Any CPU.Build.0 = Debug|Any CPU
		{F32C4F33-83E0-4D4C-B63D-DB7C76DDBF30}.Release|Any CPU.ActiveCfg = Release|Any CPU
		{F32C4F33-83E0-4D4C-B63D-DB7C76DDBF30}.Release|Any CPU.Build.0 = Release|Any CPU
		{A5DAC4F5-FA74-4908-8168-427A15113C9A}.Debug|Any CPU.ActiveCfg = Debug|Any CPU
		{A5DAC4F5-FA74-4908-8168-427A15113C9A}.Debug|Any CPU.Build.0 = Debug|Any CPU
		{A5DAC4F5-FA74-4908-8168-427A15113C9A}.Release|Any CPU.ActiveCfg = Release|Any CPU
		{A5DAC4F5-FA74-4908-8168-427A15113C9A}.Release|Any CPU.Build.0 = Release|Any CPU
		{2A3B68BA-FCCE-4BB3-A498-84B4B8D2967F}.Debug|Any CPU.ActiveCfg = Debug|Any CPU
		{2A3B68BA-FCCE-4BB3-A498-84B4B8D2967F}.Debug|Any CPU.Build.0 = Debug|Any CPU
		{2A3B68BA-FCCE-4BB3-A498-84B4B8D2967F}.Release|Any CPU.ActiveCfg = Release|Any CPU
		{2A3B68BA-FCCE-4BB3-A498-84B4B8D2967F}.Release|Any CPU.Build.0 = Release|Any CPU
		{4C835619-7703-438F-BBAB-264D4372CCA3}.Debug|Any CPU.ActiveCfg = Debug|Any CPU
		{4C835619-7703-438F-BBAB-264D4372CCA3}.Debug|Any CPU.Build.0 = Debug|Any CPU
		{4C835619-7703-438F-BBAB-264D4372CCA3}.Release|Any CPU.ActiveCfg = Release|Any CPU
		{4C835619-7703-438F-BBAB-264D4372CCA3}.Release|Any CPU.Build.0 = Release|Any CPU
		{8D44613A-BAB5-47E1-A3F8-E35065473979}.Debug|Any CPU.ActiveCfg = Debug|Any CPU
		{8D44613A-BAB5-47E1-A3F8-E35065473979}.Debug|Any CPU.Build.0 = Debug|Any CPU
		{8D44613A-BAB5-47E1-A3F8-E35065473979}.Release|Any CPU.ActiveCfg = Release|Any CPU
		{8D44613A-BAB5-47E1-A3F8-E35065473979}.Release|Any CPU.Build.0 = Release|Any CPU
		{C4590723-10A3-4A18-B531-D5801F5DEC6F}.Debug|Any CPU.ActiveCfg = Debug|Any CPU
		{C4590723-10A3-4A18-B531-D5801F5DEC6F}.Debug|Any CPU.Build.0 = Debug|Any CPU
		{C4590723-10A3-4A18-B531-D5801F5DEC6F}.Release|Any CPU.ActiveCfg = Release|Any CPU
		{C4590723-10A3-4A18-B531-D5801F5DEC6F}.Release|Any CPU.Build.0 = Release|Any CPU
		{D5380882-2EC9-453D-BB35-EE3EAD5BFE6F}.Debug|Any CPU.ActiveCfg = Debug|Any CPU
		{D5380882-2EC9-453D-BB35-EE3EAD5BFE6F}.Debug|Any CPU.Build.0 = Debug|Any CPU
		{D5380882-2EC9-453D-BB35-EE3EAD5BFE6F}.Release|Any CPU.ActiveCfg = Release|Any CPU
		{D5380882-2EC9-453D-BB35-EE3EAD5BFE6F}.Release|Any CPU.Build.0 = Release|Any CPU
		{04BBF8B4-5BBF-4A37-88A8-7848C7E1608F}.Debug|Any CPU.ActiveCfg = Debug|Any CPU
		{04BBF8B4-5BBF-4A37-88A8-7848C7E1608F}.Debug|Any CPU.Build.0 = Debug|Any CPU
		{04BBF8B4-5BBF-4A37-88A8-7848C7E1608F}.Release|Any CPU.ActiveCfg = Release|Any CPU
		{04BBF8B4-5BBF-4A37-88A8-7848C7E1608F}.Release|Any CPU.Build.0 = Release|Any CPU
		{535BEB9C-7FA9-48B9-81FA-9C5C1207A157}.Debug|Any CPU.ActiveCfg = Debug|Any CPU
		{535BEB9C-7FA9-48B9-81FA-9C5C1207A157}.Debug|Any CPU.Build.0 = Debug|Any CPU
		{535BEB9C-7FA9-48B9-81FA-9C5C1207A157}.Release|Any CPU.ActiveCfg = Release|Any CPU
		{535BEB9C-7FA9-48B9-81FA-9C5C1207A157}.Release|Any CPU.Build.0 = Release|Any CPU
		{F50FBF86-277A-44B2-A4E5-434EE0E125FD}.Debug|Any CPU.ActiveCfg = Debug|Any CPU
		{F50FBF86-277A-44B2-A4E5-434EE0E125FD}.Debug|Any CPU.Build.0 = Debug|Any CPU
		{F50FBF86-277A-44B2-A4E5-434EE0E125FD}.Release|Any CPU.ActiveCfg = Release|Any CPU
		{F50FBF86-277A-44B2-A4E5-434EE0E125FD}.Release|Any CPU.Build.0 = Release|Any CPU
		{19B9734A-1123-44DB-BB4F-B9300F7B94C4}.Debug|Any CPU.ActiveCfg = Debug|Any CPU
		{19B9734A-1123-44DB-BB4F-B9300F7B94C4}.Debug|Any CPU.Build.0 = Debug|Any CPU
		{19B9734A-1123-44DB-BB4F-B9300F7B94C4}.Release|Any CPU.ActiveCfg = Release|Any CPU
		{19B9734A-1123-44DB-BB4F-B9300F7B94C4}.Release|Any CPU.Build.0 = Release|Any CPU
		{B40DB419-A662-42E9-9363-DBD31A7F201C}.Debug|Any CPU.ActiveCfg = Debug|Any CPU
		{B40DB419-A662-42E9-9363-DBD31A7F201C}.Debug|Any CPU.Build.0 = Debug|Any CPU
		{B40DB419-A662-42E9-9363-DBD31A7F201C}.Release|Any CPU.ActiveCfg = Release|Any CPU
		{B40DB419-A662-42E9-9363-DBD31A7F201C}.Release|Any CPU.Build.0 = Release|Any CPU
		{CD862EC1-674B-4A3C-A412-F5015E51238F}.Debug|Any CPU.ActiveCfg = Debug|Any CPU
		{CD862EC1-674B-4A3C-A412-F5015E51238F}.Debug|Any CPU.Build.0 = Debug|Any CPU
		{CD862EC1-674B-4A3C-A412-F5015E51238F}.Release|Any CPU.ActiveCfg = Release|Any CPU
		{CD862EC1-674B-4A3C-A412-F5015E51238F}.Release|Any CPU.Build.0 = Release|Any CPU
		{61AC579B-90F5-4623-9BB2-23B39B94EEC4}.Debug|Any CPU.ActiveCfg = Debug|Any CPU
		{61AC579B-90F5-4623-9BB2-23B39B94EEC4}.Debug|Any CPU.Build.0 = Debug|Any CPU
		{61AC579B-90F5-4623-9BB2-23B39B94EEC4}.Release|Any CPU.ActiveCfg = Release|Any CPU
		{61AC579B-90F5-4623-9BB2-23B39B94EEC4}.Release|Any CPU.Build.0 = Release|Any CPU
		{C97618B4-606F-4338-A6FC-4D2508A79236}.Debug|Any CPU.ActiveCfg = Debug|Any CPU
		{C97618B4-606F-4338-A6FC-4D2508A79236}.Debug|Any CPU.Build.0 = Debug|Any CPU
		{C97618B4-606F-4338-A6FC-4D2508A79236}.Release|Any CPU.ActiveCfg = Release|Any CPU
		{C97618B4-606F-4338-A6FC-4D2508A79236}.Release|Any CPU.Build.0 = Release|Any CPU
		{F54D2C1C-FA2E-45AC-A399-0125D768ED28}.Debug|Any CPU.ActiveCfg = Debug|Any CPU
		{F54D2C1C-FA2E-45AC-A399-0125D768ED28}.Debug|Any CPU.Build.0 = Debug|Any CPU
		{F54D2C1C-FA2E-45AC-A399-0125D768ED28}.Release|Any CPU.ActiveCfg = Release|Any CPU
		{F54D2C1C-FA2E-45AC-A399-0125D768ED28}.Release|Any CPU.Build.0 = Release|Any CPU
		{EF150EC3-619E-455E-8281-E199BDD2444B}.Debug|Any CPU.ActiveCfg = Debug|Any CPU
		{EF150EC3-619E-455E-8281-E199BDD2444B}.Debug|Any CPU.Build.0 = Debug|Any CPU
		{EF150EC3-619E-455E-8281-E199BDD2444B}.Release|Any CPU.ActiveCfg = Release|Any CPU
		{EF150EC3-619E-455E-8281-E199BDD2444B}.Release|Any CPU.Build.0 = Release|Any CPU
		{BE634657-F0B1-44AB-9E29-26C336806CE5}.Debug|Any CPU.ActiveCfg = Debug|Any CPU
		{BE634657-F0B1-44AB-9E29-26C336806CE5}.Debug|Any CPU.Build.0 = Debug|Any CPU
		{BE634657-F0B1-44AB-9E29-26C336806CE5}.Release|Any CPU.ActiveCfg = Release|Any CPU
		{BE634657-F0B1-44AB-9E29-26C336806CE5}.Release|Any CPU.Build.0 = Release|Any CPU
		{78AA7D2F-A1B3-4E91-B10E-AB612FDDA167}.Debug|Any CPU.ActiveCfg = Debug|Any CPU
		{78AA7D2F-A1B3-4E91-B10E-AB612FDDA167}.Debug|Any CPU.Build.0 = Debug|Any CPU
		{78AA7D2F-A1B3-4E91-B10E-AB612FDDA167}.Release|Any CPU.ActiveCfg = Release|Any CPU
		{78AA7D2F-A1B3-4E91-B10E-AB612FDDA167}.Release|Any CPU.Build.0 = Release|Any CPU
		{65B0B2B1-464C-4C2D-963A-F202A02B30C0}.Debug|Any CPU.ActiveCfg = Debug|Any CPU
		{65B0B2B1-464C-4C2D-963A-F202A02B30C0}.Debug|Any CPU.Build.0 = Debug|Any CPU
		{65B0B2B1-464C-4C2D-963A-F202A02B30C0}.Release|Any CPU.ActiveCfg = Release|Any CPU
		{65B0B2B1-464C-4C2D-963A-F202A02B30C0}.Release|Any CPU.Build.0 = Release|Any CPU
		{218204F3-02B2-4BC6-8AFF-7F6130D3FC45}.Debug|Any CPU.ActiveCfg = Debug|Any CPU
		{218204F3-02B2-4BC6-8AFF-7F6130D3FC45}.Debug|Any CPU.Build.0 = Debug|Any CPU
		{218204F3-02B2-4BC6-8AFF-7F6130D3FC45}.Release|Any CPU.ActiveCfg = Release|Any CPU
		{218204F3-02B2-4BC6-8AFF-7F6130D3FC45}.Release|Any CPU.Build.0 = Release|Any CPU
		{2BE0D107-E0EF-4F5F-8519-BC33F61E0C8A}.Debug|Any CPU.ActiveCfg = Debug|Any CPU
		{2BE0D107-E0EF-4F5F-8519-BC33F61E0C8A}.Debug|Any CPU.Build.0 = Debug|Any CPU
		{2BE0D107-E0EF-4F5F-8519-BC33F61E0C8A}.Release|Any CPU.ActiveCfg = Release|Any CPU
		{2BE0D107-E0EF-4F5F-8519-BC33F61E0C8A}.Release|Any CPU.Build.0 = Release|Any CPU
		{50A7DE28-227D-432C-9BED-4CA98D60E998}.Debug|Any CPU.ActiveCfg = Debug|Any CPU
		{50A7DE28-227D-432C-9BED-4CA98D60E998}.Debug|Any CPU.Build.0 = Debug|Any CPU
		{50A7DE28-227D-432C-9BED-4CA98D60E998}.Release|Any CPU.ActiveCfg = Release|Any CPU
		{50A7DE28-227D-432C-9BED-4CA98D60E998}.Release|Any CPU.Build.0 = Release|Any CPU
		{6A117FB5-237A-4740-B305-7B470E318881}.Debug|Any CPU.ActiveCfg = Debug|Any CPU
		{6A117FB5-237A-4740-B305-7B470E318881}.Debug|Any CPU.Build.0 = Debug|Any CPU
		{6A117FB5-237A-4740-B305-7B470E318881}.Release|Any CPU.ActiveCfg = Release|Any CPU
		{6A117FB5-237A-4740-B305-7B470E318881}.Release|Any CPU.Build.0 = Release|Any CPU
		{6FEFF6E8-9E09-4950-9FF2-9F3AD40D960D}.Debug|Any CPU.ActiveCfg = Debug|Any CPU
		{6FEFF6E8-9E09-4950-9FF2-9F3AD40D960D}.Debug|Any CPU.Build.0 = Debug|Any CPU
		{6FEFF6E8-9E09-4950-9FF2-9F3AD40D960D}.Release|Any CPU.ActiveCfg = Release|Any CPU
		{6FEFF6E8-9E09-4950-9FF2-9F3AD40D960D}.Release|Any CPU.Build.0 = Release|Any CPU
		{F8CE44E9-B7EB-4090-B02A-D28D5F022DCA}.Debug|Any CPU.ActiveCfg = Debug|Any CPU
		{F8CE44E9-B7EB-4090-B02A-D28D5F022DCA}.Debug|Any CPU.Build.0 = Debug|Any CPU
		{F8CE44E9-B7EB-4090-B02A-D28D5F022DCA}.Release|Any CPU.ActiveCfg = Release|Any CPU
		{F8CE44E9-B7EB-4090-B02A-D28D5F022DCA}.Release|Any CPU.Build.0 = Release|Any CPU
		{9BD836D7-556B-4298-A503-CA8005A8EA39}.Debug|Any CPU.ActiveCfg = Debug|Any CPU
		{9BD836D7-556B-4298-A503-CA8005A8EA39}.Debug|Any CPU.Build.0 = Debug|Any CPU
		{9BD836D7-556B-4298-A503-CA8005A8EA39}.Release|Any CPU.ActiveCfg = Release|Any CPU
		{9BD836D7-556B-4298-A503-CA8005A8EA39}.Release|Any CPU.Build.0 = Release|Any CPU
		{827A6FF2-224D-42C3-BBFE-B594B8B5BE5F}.Debug|Any CPU.ActiveCfg = Debug|Any CPU
		{827A6FF2-224D-42C3-BBFE-B594B8B5BE5F}.Debug|Any CPU.Build.0 = Debug|Any CPU
		{827A6FF2-224D-42C3-BBFE-B594B8B5BE5F}.Release|Any CPU.ActiveCfg = Release|Any CPU
		{827A6FF2-224D-42C3-BBFE-B594B8B5BE5F}.Release|Any CPU.Build.0 = Release|Any CPU
		{8185CE6E-723A-4CB2-96A0-809317241010}.Debug|Any CPU.ActiveCfg = Debug|Any CPU
		{8185CE6E-723A-4CB2-96A0-809317241010}.Debug|Any CPU.Build.0 = Debug|Any CPU
		{8185CE6E-723A-4CB2-96A0-809317241010}.Release|Any CPU.ActiveCfg = Release|Any CPU
		{8185CE6E-723A-4CB2-96A0-809317241010}.Release|Any CPU.Build.0 = Release|Any CPU
		{19A7AB99-40B8-44EC-B4EB-ECA4D8A7E323}.Debug|Any CPU.ActiveCfg = Debug|Any CPU
		{19A7AB99-40B8-44EC-B4EB-ECA4D8A7E323}.Debug|Any CPU.Build.0 = Debug|Any CPU
		{19A7AB99-40B8-44EC-B4EB-ECA4D8A7E323}.Release|Any CPU.ActiveCfg = Release|Any CPU
		{19A7AB99-40B8-44EC-B4EB-ECA4D8A7E323}.Release|Any CPU.Build.0 = Release|Any CPU
		{CDA22A62-81B1-465D-9594-31D4B46A6013}.Debug|Any CPU.ActiveCfg = Debug|Any CPU
		{CDA22A62-81B1-465D-9594-31D4B46A6013}.Debug|Any CPU.Build.0 = Debug|Any CPU
		{CDA22A62-81B1-465D-9594-31D4B46A6013}.Release|Any CPU.ActiveCfg = Release|Any CPU
		{CDA22A62-81B1-465D-9594-31D4B46A6013}.Release|Any CPU.Build.0 = Release|Any CPU
		{84838377-2AA8-41C9-9837-3E40D15E7345}.Debug|Any CPU.ActiveCfg = Debug|Any CPU
		{84838377-2AA8-41C9-9837-3E40D15E7345}.Debug|Any CPU.Build.0 = Debug|Any CPU
		{84838377-2AA8-41C9-9837-3E40D15E7345}.Release|Any CPU.ActiveCfg = Release|Any CPU
		{84838377-2AA8-41C9-9837-3E40D15E7345}.Release|Any CPU.Build.0 = Release|Any CPU
		{FA3CCA3E-6804-43F4-80FD-52D3A96D1F3F}.Debug|Any CPU.ActiveCfg = Debug|Any CPU
		{FA3CCA3E-6804-43F4-80FD-52D3A96D1F3F}.Debug|Any CPU.Build.0 = Debug|Any CPU
		{FA3CCA3E-6804-43F4-80FD-52D3A96D1F3F}.Release|Any CPU.ActiveCfg = Release|Any CPU
		{FA3CCA3E-6804-43F4-80FD-52D3A96D1F3F}.Release|Any CPU.Build.0 = Release|Any CPU
	EndGlobalSection
	GlobalSection(SolutionProperties) = preSolution
		HideSolutionNode = FALSE
	EndGlobalSection
	GlobalSection(NestedProjects) = preSolution
		{421FB3FB-FE94-4663-B78B-2D152013C510} = {3FF10820-AFED-4934-85AA-07AAD0897C05}
		{A5DAC4F5-FA74-4908-8168-427A15113C9A} = {3FF10820-AFED-4934-85AA-07AAD0897C05}
		{4C835619-7703-438F-BBAB-264D4372CCA3} = {3FF10820-AFED-4934-85AA-07AAD0897C05}
		{C4590723-10A3-4A18-B531-D5801F5DEC6F} = {3FF10820-AFED-4934-85AA-07AAD0897C05}
		{535BEB9C-7FA9-48B9-81FA-9C5C1207A157} = {3FF10820-AFED-4934-85AA-07AAD0897C05}
		{19B9734A-1123-44DB-BB4F-B9300F7B94C4} = {3FF10820-AFED-4934-85AA-07AAD0897C05}
		{CD862EC1-674B-4A3C-A412-F5015E51238F} = {3FF10820-AFED-4934-85AA-07AAD0897C05}
		{EF150EC3-619E-455E-8281-E199BDD2444B} = {3FF10820-AFED-4934-85AA-07AAD0897C05}
		{65B0B2B1-464C-4C2D-963A-F202A02B30C0} = {3FF10820-AFED-4934-85AA-07AAD0897C05}
		{50A7DE28-227D-432C-9BED-4CA98D60E998} = {3FF10820-AFED-4934-85AA-07AAD0897C05}
		{6FEFF6E8-9E09-4950-9FF2-9F3AD40D960D} = {3FF10820-AFED-4934-85AA-07AAD0897C05}
		{9BD836D7-556B-4298-A503-CA8005A8EA39} = {3FF10820-AFED-4934-85AA-07AAD0897C05}
		{84838377-2AA8-41C9-9837-3E40D15E7345} = {3FF10820-AFED-4934-85AA-07AAD0897C05}
		{FA3CCA3E-6804-43F4-80FD-52D3A96D1F3F} = {67C930B4-1EB7-4B61-98C9-EE6D2FEA4A3F}
	EndGlobalSection
	GlobalSection(ExtensibilityGlobals) = postSolution
		SolutionGuid = {58E85068-77F7-4096-95F2-2C2C141251B5}
	EndGlobalSection
EndGlobal
